# Code generated by scarb DO NOT EDIT.
version = 1

[[package]]
name = "clm_ekubo"
version = "0.1.0"
dependencies = [
 "ekubo",
 "openzeppelin",
 "snforge_std",
]

[[package]]
name = "ekubo"
version = "0.1.0"
source = "git+https://github.com/EkuboProtocol/abis.git#edb6de8c9baf515f1053bbab3d86825d54a63bc3"

[[package]]
name = "openzeppelin"
version = "0.9.0"
source = "git+https://github.com/OpenZeppelin/cairo-contracts.git?tag=v0.9.0#364db5b1aecc1335d2e65db887291d19aa28937d"

[[package]]
name = "snforge_scarb_plugin"
version = "0.33.0"
source = "git+https://github.com/foundry-rs/starknet-foundry?tag=v0.33.0#221b1dbff42d650e9855afd4283508da8f8cacba"

[[package]]
name = "snforge_std"
version = "0.33.0"
source = "git+https://github.com/foundry-rs/starknet-foundry?tag=v0.33.0#221b1dbff42d650e9855afd4283508da8f8cacba"
dependencies = [
 "snforge_scarb_plugin",
]
